
Microsoft Visual Studio Solution File, Format Version 12.00
# Visual Studio Version 17
VisualStudioVersion = 17.11.35312.102
MinimumVisualStudioVersion = 10.0.40219.1
Project("{9A19103F-16F7-4668-BE54-9A1E7A4F7556}") = "MVCproject", "MVCproject\MVCproject.csproj", "{1C111DDA-56B6-4304-BD76-7587ABB929B3}"
EndProject
Global
	GlobalSection(SolutionConfigurationPlatforms) = preSolution
		Debug|Any CPU = Debug|Any CPU
		Release|Any CPU = Release|Any CPU
	EndGlobalSection
	GlobalSection(ProjectConfigurationPlatforms) = postSolution
		{1C111DDA-56B6-4304-BD76-7587ABB929B3}.Debug|Any CPU.ActiveCfg = Debug|Any CPU
		{1C111DDA-56B6-4304-BD76-7587ABB929B3}.Debug|Any CPU.Build.0 = Debug|Any CPU
		{1C111DDA-56B6-4304-BD76-7587ABB929B3}.Release|Any CPU.ActiveCfg = Release|Any CPU
		{1C111DDA-56B6-4304-BD76-7587ABB929B3}.Release|Any CPU.Build.0 = Release|Any CPU
	EndGlobalSection
	GlobalSection(SolutionProperties) = preSolution
		HideSolutionNode = FALSE
	EndGlobalSection
	GlobalSection(ExtensibilityGlobals) = postSolution
		SolutionGuid = {E874B5A3-1774-4524-82FB-33F87156A159}
	EndGlobalSection
EndGlobal
